
Microsoft Visual Studio Solution File, Format Version 12.00
# Visual Studio Version 17
VisualStudioVersion = 17.2.32616.157
MinimumVisualStudioVersion = 10.0.40219.1
Project("{FAE04EC0-301F-11D3-BF4B-00C04F79EFBC}") = "Selenium", "Selenium\Selenium.csproj", "{EB75F914-F4AA-458B-AAA3-E03AA718DC06}"
EndProject
Global
	GlobalSection(SolutionConfigurationPlatforms) = preSolution
		Debug|Any CPU = Debug|Any CPU
		Release|Any CPU = Release|Any CPU
	EndGlobalSection
	GlobalSection(ProjectConfigurationPlatforms) = postSolution
		{EB75F914-F4AA-458B-AAA3-E03AA718DC06}.Debug|Any CPU.ActiveCfg = Debug|Any CPU
		{EB75F914-F4AA-458B-AAA3-E03AA718DC06}.Debug|Any CPU.Build.0 = Debug|Any CPU
		{EB75F914-F4AA-458B-AAA3-E03AA718DC06}.Release|Any CPU.ActiveCfg = Release|Any CPU
		{EB75F914-F4AA-458B-AAA3-E03AA718DC06}.Release|Any CPU.Build.0 = Release|Any CPU
	EndGlobalSection
	GlobalSection(SolutionProperties) = preSolution
		HideSolutionNode = FALSE
	EndGlobalSection
	GlobalSection(ExtensibilityGlobals) = postSolution
		SolutionGuid = {7FB8DBB9-0619-4C4F-A943-E05586F0115B}
	EndGlobalSection
EndGlobal
